
Microsoft Visual Studio Solution File, Format Version 12.00
# Visual Studio Version 16
VisualStudioVersion = 16.0.31112.23
MinimumVisualStudioVersion = 10.0.40219.1
Project("{FAE04EC0-301F-11D3-BF4B-00C04F79EFBC}") = "PermCombSubset", "PermCombSubset\PermCombSubset.csproj", "{69CCEC21-8601-42D7-9677-7200EAF1CD23}"
EndProject
Global
	GlobalSection(SolutionConfigurationPlatforms) = preSolution
		Debug|Any CPU = Debug|Any CPU
		Release|Any CPU = Release|Any CPU
	EndGlobalSection
	GlobalSection(ProjectConfigurationPlatforms) = postSolution
		{69CCEC21-8601-42D7-9677-7200EAF1CD23}.Debug|Any CPU.ActiveCfg = Debug|Any CPU
		{69CCEC21-8601-42D7-9677-7200EAF1CD23}.Debug|Any CPU.Build.0 = Debug|Any CPU
		{69CCEC21-8601-42D7-9677-7200EAF1CD23}.Release|Any CPU.ActiveCfg = Release|Any CPU
		{69CCEC21-8601-42D7-9677-7200EAF1CD23}.Release|Any CPU.Build.0 = Release|Any CPU
	EndGlobalSection
	GlobalSection(SolutionProperties) = preSolution
		HideSolutionNode = FALSE
	EndGlobalSection
	GlobalSection(ExtensibilityGlobals) = postSolution
		SolutionGuid = {B8ADF3CE-ED2F-4134-A2AE-996AAFEAB798}
	EndGlobalSection
EndGlobal
